
Microsoft Visual Studio Solution File, Format Version 12.00
# Visual Studio Version 16
VisualStudioVersion = 16.0.29613.14
MinimumVisualStudioVersion = 10.0.40219.1
Project("{FAE04EC0-301F-11D3-BF4B-00C04F79EFBC}") = "ProcessControlApplication", "ProcessControlApplication.csproj", "{8FEE1C9E-7188-46F2-9EF7-934EE8C154D5}"
EndProject
Global
	GlobalSection(SolutionConfigurationPlatforms) = preSolution
		Debug|Any CPU = Debug|Any CPU
		Release|Any CPU = Release|Any CPU
	EndGlobalSection
	GlobalSection(ProjectConfigurationPlatforms) = postSolution
		{8FEE1C9E-7188-46F2-9EF7-934EE8C154D5}.Debug|Any CPU.ActiveCfg = Debug|Any CPU
		{8FEE1C9E-7188-46F2-9EF7-934EE8C154D5}.Debug|Any CPU.Build.0 = Debug|Any CPU
		{8FEE1C9E-7188-46F2-9EF7-934EE8C154D5}.Release|Any CPU.ActiveCfg = Release|Any CPU
		{8FEE1C9E-7188-46F2-9EF7-934EE8C154D5}.Release|Any CPU.Build.0 = Release|Any CPU
	EndGlobalSection
	GlobalSection(SolutionProperties) = preSolution
		HideSolutionNode = FALSE
	EndGlobalSection
	GlobalSection(ExtensibilityGlobals) = postSolution
		SolutionGuid = {ABD5B6AA-3AB0-4B7F-810E-69DB85C9DDED}
	EndGlobalSection
EndGlobal
